
Microsoft Visual Studio Solution File, Format Version 12.00
# Visual Studio 15
VisualStudioVersion = 15.0.27130.2036
MinimumVisualStudioVersion = 10.0.40219.1
Project("{888888A0-9F3D-457C-B088-3A5042F75D52}") = "Google Analytics", "Google Analytics.pyproj", "{431076B3-89B0-4A02-A702-E2729AE2C218}"
EndProject
Global
	GlobalSection(SolutionConfigurationPlatforms) = preSolution
		Debug|Any CPU = Debug|Any CPU
		Release|Any CPU = Release|Any CPU
	EndGlobalSection
	GlobalSection(ProjectConfigurationPlatforms) = postSolution
		{431076B3-89B0-4A02-A702-E2729AE2C218}.Debug|Any CPU.ActiveCfg = Debug|Any CPU
		{431076B3-89B0-4A02-A702-E2729AE2C218}.Debug|Any CPU.Build.0 = Debug|Any CPU
		{431076B3-89B0-4A02-A702-E2729AE2C218}.Release|Any CPU.ActiveCfg = Release|Any CPU
		{431076B3-89B0-4A02-A702-E2729AE2C218}.Release|Any CPU.Build.0 = Release|Any CPU
	EndGlobalSection
	GlobalSection(SolutionProperties) = preSolution
		HideSolutionNode = FALSE
	EndGlobalSection
	GlobalSection(ExtensibilityGlobals) = postSolution
		SolutionGuid = {8C83D6ED-2F0F-43F2-9F6D-9382667B38B7}
	EndGlobalSection
EndGlobal
